
Microsoft Visual Studio Solution File, Format Version 12.00
# Visual Studio 15
VisualStudioVersion = 15.0.27703.2042
MinimumVisualStudioVersion = 10.0.40219.1
Project("{FAE04EC0-301F-11D3-BF4B-00C04F79EFBC}") = "B-4-Control-Operators", "B-4-Control-Operators\B-4-Control-Operators.csproj", "{86BCBC1A-231F-4368-B53C-584282EBD8E7}"
EndProject
Global
	GlobalSection(SolutionConfigurationPlatforms) = preSolution
		Debug|Any CPU = Debug|Any CPU
		Release|Any CPU = Release|Any CPU
	EndGlobalSection
	GlobalSection(ProjectConfigurationPlatforms) = postSolution
		{86BCBC1A-231F-4368-B53C-584282EBD8E7}.Debug|Any CPU.ActiveCfg = Debug|Any CPU
		{86BCBC1A-231F-4368-B53C-584282EBD8E7}.Debug|Any CPU.Build.0 = Debug|Any CPU
		{86BCBC1A-231F-4368-B53C-584282EBD8E7}.Release|Any CPU.ActiveCfg = Release|Any CPU
		{86BCBC1A-231F-4368-B53C-584282EBD8E7}.Release|Any CPU.Build.0 = Release|Any CPU
	EndGlobalSection
	GlobalSection(SolutionProperties) = preSolution
		HideSolutionNode = FALSE
	EndGlobalSection
	GlobalSection(ExtensibilityGlobals) = postSolution
		SolutionGuid = {E871C3C5-4C01-42B9-8FA7-03E2FD859D3D}
	EndGlobalSection
EndGlobal
